
Microsoft Visual Studio Solution File, Format Version 12.00
# Visual Studio Version 16
VisualStudioVersion = 16.0.31605.320
MinimumVisualStudioVersion = 10.0.40219.1
Project("{FAE04EC0-301F-11D3-BF4B-00C04F79EFBC}") = "SignalRWithWebAPIAndMongoDB", "SignalRWithWebAPIAndMongoDB\SignalRWithWebAPIAndMongoDB.csproj", "{90412882-E053-4C16-B247-F2B64EB0800B}"
EndProject
Global
	GlobalSection(SolutionConfigurationPlatforms) = preSolution
		Debug|Any CPU = Debug|Any CPU
		Release|Any CPU = Release|Any CPU
	EndGlobalSection
	GlobalSection(ProjectConfigurationPlatforms) = postSolution
		{90412882-E053-4C16-B247-F2B64EB0800B}.Debug|Any CPU.ActiveCfg = Debug|Any CPU
		{90412882-E053-4C16-B247-F2B64EB0800B}.Debug|Any CPU.Build.0 = Debug|Any CPU
		{90412882-E053-4C16-B247-F2B64EB0800B}.Release|Any CPU.ActiveCfg = Release|Any CPU
		{90412882-E053-4C16-B247-F2B64EB0800B}.Release|Any CPU.Build.0 = Release|Any CPU
	EndGlobalSection
	GlobalSection(SolutionProperties) = preSolution
		HideSolutionNode = FALSE
	EndGlobalSection
	GlobalSection(ExtensibilityGlobals) = postSolution
		SolutionGuid = {E8C0C220-7D27-4352-9584-AA2434754297}
	EndGlobalSection
EndGlobal
